
Microsoft Visual Studio Solution File, Format Version 12.00
# Visual Studio Version 17
VisualStudioVersion = 17.0.31919.166
MinimumVisualStudioVersion = 10.0.40219.1
Project("{FAE04EC0-301F-11D3-BF4B-00C04F79EFBC}") = "FrameViewGraph", "FrameViewGraph\FrameViewGraph.csproj", "{1088D21B-3FFC-4EC9-B5BE-4621232FFA0A}"
EndProject
Global
	GlobalSection(SolutionConfigurationPlatforms) = preSolution
		Debug|Any CPU = Debug|Any CPU
		Release|Any CPU = Release|Any CPU
	EndGlobalSection
	GlobalSection(ProjectConfigurationPlatforms) = postSolution
		{1088D21B-3FFC-4EC9-B5BE-4621232FFA0A}.Debug|Any CPU.ActiveCfg = Debug|Any CPU
		{1088D21B-3FFC-4EC9-B5BE-4621232FFA0A}.Debug|Any CPU.Build.0 = Debug|Any CPU
		{1088D21B-3FFC-4EC9-B5BE-4621232FFA0A}.Release|Any CPU.ActiveCfg = Release|Any CPU
		{1088D21B-3FFC-4EC9-B5BE-4621232FFA0A}.Release|Any CPU.Build.0 = Release|Any CPU
	EndGlobalSection
	GlobalSection(SolutionProperties) = preSolution
		HideSolutionNode = FALSE
	EndGlobalSection
	GlobalSection(ExtensibilityGlobals) = postSolution
		SolutionGuid = {3FCEF401-9E66-4949-8F02-80FD9799B9FD}
	EndGlobalSection
EndGlobal
