
Microsoft Visual Studio Solution File, Format Version 12.00
# Visual Studio Version 16
VisualStudioVersion = 16.0.30621.155
MinimumVisualStudioVersion = 10.0.40219.1
Project("{FAE04EC0-301F-11D3-BF4B-00C04F79EFBC}") = "FrameViewGraph", "FrameViewGraph\FrameViewGraph.csproj", "{C3A98A3B-5274-45E2-A823-671910F9E049}"
EndProject
Global
	GlobalSection(SolutionConfigurationPlatforms) = preSolution
		Debug|Any CPU = Debug|Any CPU
		Release|Any CPU = Release|Any CPU
	EndGlobalSection
	GlobalSection(ProjectConfigurationPlatforms) = postSolution
		{C3A98A3B-5274-45E2-A823-671910F9E049}.Debug|Any CPU.ActiveCfg = Debug|Any CPU
		{C3A98A3B-5274-45E2-A823-671910F9E049}.Debug|Any CPU.Build.0 = Debug|Any CPU
		{C3A98A3B-5274-45E2-A823-671910F9E049}.Release|Any CPU.ActiveCfg = Release|Any CPU
		{C3A98A3B-5274-45E2-A823-671910F9E049}.Release|Any CPU.Build.0 = Release|Any CPU
	EndGlobalSection
	GlobalSection(SolutionProperties) = preSolution
		HideSolutionNode = FALSE
	EndGlobalSection
	GlobalSection(ExtensibilityGlobals) = postSolution
		SolutionGuid = {0E489DD5-59DF-4747-83DE-1321B1A01968}
	EndGlobalSection
EndGlobal
